{
  "version": 2,
  "dependencies": {
    "net8.0": {
      "Invio.Extensions.Authentication.JwtBearer": {
        "type": "Direct",
        "requested": "[2.0.1, )",
        "resolved": "2.0.1",
        "contentHash": "Pwh2IeiNwZJeRQC+aeyZn68B2vB+SO1HLuCLW//BoECOJDueJnWZAErpSdhgQyl5P+3P9G+yqXaFIZEQsQ0wNg==",
        "dependencies": {
          "Microsoft.AspNetCore.Authentication.JwtBearer": "2.1.2",
          "Microsoft.Extensions.DependencyInjection": "2.1.1"
        }
      },
      "MinVer": {
        "type": "Direct",
        "requested": "[6.0.0, )",
        "resolved": "6.0.0",
        "contentHash": "+/SsmiySsXJlvQLCGBqaZKNVt3s/Y/HbAdwtop7Km2CnuZbaScoqkWJEBQ5Cy9ebkn6kCYKrHsXgwrFdTgcb3g=="
      },
      "NetDevPack.Security.Jwt.AspNetCore": {
        "type": "Direct",
        "requested": "[8.2.2, )",
        "resolved": "8.2.2",
        "contentHash": "Y+55ERTVzQ1ueEwMsG39DlKLrbMDTmgXbjh3UWInZMSpeiAoBMLFsBzJuSAhYmqIB4szOfHzKqGX65w2geEYSQ==",
        "dependencies": {
          "Microsoft.AspNetCore.Authentication.JwtBearer": "8.0.4",
          "NetDevPack.Security.Jwt.Core": "8.2.2"
        }
      },
      "NetDevPack.Security.JwtExtensions": {
        "type": "Direct",
        "requested": "[8.0.0, )",
        "resolved": "8.0.0",
        "contentHash": "ikynI90CXtCJRdlBz/RnTk8ZUT+mqRJTut0hwSf/Zg5wbUSXEEw69fJ+RoP8QSkt9/9AXd1N9RCIsaNfLJACNg==",
        "dependencies": {
          "Microsoft.AspNetCore.Authentication.JwtBearer": "8.0.4",
          "System.IdentityModel.Tokens.Jwt": "7.5.1",
          "System.Text.Json": "8.0.3"
        }
      },
      "Swashbuckle.AspNetCore": {
        "type": "Direct",
        "requested": "[8.1.4, )",
        "resolved": "8.1.4",
        "contentHash": "qYk8VHyvs6wML+KXtjyCgS9Aj18mcm0ZtnJeNCTlj/DYQ7A3pfLIztQgLuZS/LEMYsrTo1lSKR3IIZ5/HzVCWA==",
        "dependencies": {
          "Microsoft.Extensions.ApiDescription.Server": "6.0.5",
          "Swashbuckle.AspNetCore.Swagger": "8.1.4",
          "Swashbuckle.AspNetCore.SwaggerGen": "8.1.4",
          "Swashbuckle.AspNetCore.SwaggerUI": "8.1.4"
        }
      },
      "Swashbuckle.AspNetCore.Annotations": {
        "type": "Direct",
        "requested": "[8.1.4, )",
        "resolved": "8.1.4",
        "contentHash": "2zcFQ1NM5HIs2psjfMqWhJA7CHW27Fcjtc5xULuLWCpDdr4CNS1/6DeZEJbJC/2FWvNEYMikPq3cber2/21NDQ==",
        "dependencies": {
          "Swashbuckle.AspNetCore.SwaggerGen": "8.1.4"
        }
      },
      "AWSSDK.Core": {
        "type": "Transitive",
        "resolved": "4.0.1",
        "contentHash": "P1Pq1G/NeDFpkzTvA/qeSgxPxB0mbrcuXOCuDTAhKOp/i+05MP6by/OXQu38PmX687jeLDselTad8wY41xgDmQ=="
      },
      "Microsoft.AspNetCore.Authentication.JwtBearer": {
        "type": "Transitive",
        "resolved": "8.0.4",
        "contentHash": "tHnHRBgQyiVNZJ8PksNinLdGOsE8+tFFv3E9QEtmwO+iyTHRvg4bJ4X0XZG1u9KxXMTJuAdeIWKWYr2rTLEHqQ==",
        "dependencies": {
          "Microsoft.IdentityModel.Protocols.OpenIdConnect": "7.1.2"
        }
      },
      "Microsoft.AspNetCore.Cryptography.Internal": {
        "type": "Transitive",
        "resolved": "8.0.4",
        "contentHash": "W9pteGr3myODvbXWqicrh3xAGe1R1oNMnFp5M8w51ncgdiOIn6/OhMfHwC2yzn6Jj6JfM4Fq3S/Hpxhu6+dkVA=="
      },
      "Microsoft.AspNetCore.DataProtection": {
        "type": "Transitive",
        "resolved": "8.0.4",
        "contentHash": "p6mlJTLfEoWyg4atIzdNpI48f/Bn8mpGqs5AW7TaqkQdxbVekovUj1BrLcuUoysyODVP3C9Db6J1y3RD6kD4pQ==",
        "dependencies": {
          "Microsoft.AspNetCore.Cryptography.Internal": "8.0.4",
          "Microsoft.AspNetCore.DataProtection.Abstractions": "8.0.4",
          "Microsoft.Extensions.DependencyInjection.Abstractions": "8.0.1",
          "Microsoft.Extensions.Hosting.Abstractions": "8.0.0",
          "Microsoft.Extensions.Logging.Abstractions": "8.0.1",
          "Microsoft.Extensions.Options": "8.0.2",
          "System.Security.Cryptography.Xml": "8.0.0"
        }
      },
      "Microsoft.AspNetCore.DataProtection.Abstractions": {
        "type": "Transitive",
        "resolved": "8.0.4",
        "contentHash": "iqEPvlPGn9WJl5d+gWRG+ASap3cRDmNTQG4Ozep7YZKr+fOTm6tbcIazNZtUlRIlTTxY9Rr0cwNXTmPJkxJnlw=="
      },
      "Microsoft.Extensions.ApiDescription.Server": {
        "type": "Transitive",
        "resolved": "6.0.5",
        "contentHash": "Ckb5EDBUNJdFWyajfXzUIMRkhf52fHZOQuuZg/oiu8y7zDCVwD0iHhew6MnThjHmevanpxL3f5ci2TtHQEN6bw=="
      },
      "Microsoft.Extensions.Caching.Abstractions": {
        "type": "Transitive",
        "resolved": "8.0.0",
        "contentHash": "3KuSxeHoNYdxVYfg2IRZCThcrlJ1XJqIXkAWikCsbm5C/bCjv7G0WoKDyuR98Q+T607QT2Zl5GsbGRkENcV2yQ==",
        "dependencies": {
          "Microsoft.Extensions.Primitives": "8.0.0"
        }
      },
      "Microsoft.Extensions.Configuration": {
        "type": "Transitive",
        "resolved": "8.0.0",
        "contentHash": "0J/9YNXTMWSZP2p2+nvl8p71zpSwokZXZuJW+VjdErkegAnFdO1XlqtA62SJtgVYHdKu3uPxJHcMR/r35HwFBA==",
        "dependencies": {
          "Microsoft.Extensions.Configuration.Abstractions": "8.0.0",
          "Microsoft.Extensions.Primitives": "8.0.0"
        }
      },
      "Microsoft.Extensions.Configuration.Binder": {
        "type": "Transitive",
        "resolved": "8.0.0",
        "contentHash": "mBMoXLsr5s1y2zOHWmKsE9veDcx8h1x/c3rz4baEdQKTeDcmQAPNbB54Pi/lhFO3K431eEq6PFbMgLaa6PHFfA==",
        "dependencies": {
          "Microsoft.Extensions.Configuration.Abstractions": "8.0.0"
        }
      },
      "Microsoft.Extensions.DependencyInjection": {
        "type": "Transitive",
        "resolved": "8.0.1",
        "contentHash": "BmANAnR5Xd4Oqw7yQ75xOAYODybZQRzdeNucg7kS5wWKd2PNnMdYtJ2Vciy0QLylRmv42DGl5+AFL9izA6F1Rw==",
        "dependencies": {
          "Microsoft.Extensions.DependencyInjection.Abstractions": "8.0.2"
        }
      },
      "Microsoft.Extensions.Diagnostics": {
        "type": "Transitive",
        "resolved": "8.0.1",
        "contentHash": "doVPCUUCY7c6LhBsEfiy3W1bvS7Mi6LkfQMS8nlC22jZWNxBv8VO8bdfeyvpYFst6Kxqk7HBC6lytmEoBssvSQ==",
        "dependencies": {
          "Microsoft.Extensions.Configuration": "8.0.0",
          "Microsoft.Extensions.Diagnostics.Abstractions": "8.0.1",
          "Microsoft.Extensions.Options.ConfigurationExtensions": "8.0.0"
        }
      },
      "Microsoft.Extensions.Diagnostics.Abstractions": {
        "type": "Transitive",
        "resolved": "8.0.1",
        "contentHash": "elH2vmwNmsXuKmUeMQ4YW9ldXiF+gSGDgg1vORksob5POnpaI6caj1Hu8zaYbEuibhqCoWg0YRWDazBY3zjBfg==",
        "dependencies": {
          "Microsoft.Extensions.DependencyInjection.Abstractions": "8.0.2",
          "Microsoft.Extensions.Options": "8.0.2"
        }
      },
      "Microsoft.Extensions.FileProviders.Abstractions": {
        "type": "Transitive",
        "resolved": "8.0.0",
        "contentHash": "ZbaMlhJlpisjuWbvXr4LdAst/1XxH3vZ6A0BsgTphZ2L4PGuxRLz7Jr/S7mkAAnOn78Vu0fKhEgNF5JO3zfjqQ==",
        "dependencies": {
          "Microsoft.Extensions.Primitives": "8.0.0"
        }
      },
      "Microsoft.Extensions.Hosting.Abstractions": {
        "type": "Transitive",
        "resolved": "8.0.0",
        "contentHash": "AG7HWwVRdCHlaA++1oKDxLsXIBxmDpMPb3VoyOoAghEWnkUvEAdYQUwnV4jJbAaa/nMYNiEh5ByoLauZBEiovg==",
        "dependencies": {
          "Microsoft.Extensions.Configuration.Abstractions": "8.0.0",
          "Microsoft.Extensions.DependencyInjection.Abstractions": "8.0.0",
          "Microsoft.Extensions.Diagnostics.Abstractions": "8.0.0",
          "Microsoft.Extensions.FileProviders.Abstractions": "8.0.0",
          "Microsoft.Extensions.Logging.Abstractions": "8.0.0"
        }
      },
      "Microsoft.Extensions.Logging": {
        "type": "Transitive",
        "resolved": "8.0.1",
        "contentHash": "4x+pzsQEbqxhNf1QYRr5TDkLP9UsLT3A6MdRKDDEgrW7h1ljiEPgTNhKYUhNCCAaVpQECVQ+onA91PTPnIp6Lw==",
        "dependencies": {
          "Microsoft.Extensions.DependencyInjection": "8.0.1",
          "Microsoft.Extensions.Logging.Abstractions": "8.0.2",
          "Microsoft.Extensions.Options": "8.0.2"
        }
      },
      "Microsoft.Extensions.Logging.Abstractions": {
        "type": "Transitive",
        "resolved": "8.0.2",
        "contentHash": "nroMDjS7hNBPtkZqVBbSiQaQjWRDxITI8Y7XnDs97rqG3EbzVTNLZQf7bIeUJcaHOV8bca47s1Uxq94+2oGdxA==",
        "dependencies": {
          "Microsoft.Extensions.DependencyInjection.Abstractions": "8.0.2"
        }
      },
      "Microsoft.Extensions.Primitives": {
        "type": "Transitive",
        "resolved": "8.0.0",
        "contentHash": "bXJEZrW9ny8vjMF1JV253WeLhpEVzFo1lyaZu1vQ4ZxWUlVvknZ/+ftFgVheLubb4eZPSwwxBeqS1JkCOjxd8g=="
      },
      "Microsoft.IdentityModel.Abstractions": {
        "type": "Transitive",
        "resolved": "7.5.1",
        "contentHash": "PT16ZFbPIiMsYv07oy3zOjqUOJ7xutGBkJTOX0+IbNyU6+O6X7aIxjq9EaSSRLWbekRgamgtmfg8Xjw6A6Ua9g=="
      },
      "Microsoft.IdentityModel.JsonWebTokens": {
        "type": "Transitive",
        "resolved": "7.5.1",
        "contentHash": "93CGSa8RPdZU8zfvA3nf9NGKUqEnQrE12VzYlMqKh72ddhzusosqLNEUgH/YhFWBLRFOnY1RCgHMV7pR+sAx2w==",
        "dependencies": {
          "Microsoft.IdentityModel.Tokens": "7.5.1"
        }
      },
      "Microsoft.IdentityModel.Logging": {
        "type": "Transitive",
        "resolved": "7.5.1",
        "contentHash": "PnpAQX20BAiDIPYmWUyQSlEaWD8BLXzHpiDGTCT568Cs0ReOeyzNe401LzCeiv6ilug/KefVeV1CeqtCHTo8dw==",
        "dependencies": {
          "Microsoft.IdentityModel.Abstractions": "7.5.1"
        }
      },
      "Microsoft.IdentityModel.Protocols": {
        "type": "Transitive",
        "resolved": "7.1.2",
        "contentHash": "SydLwMRFx6EHPWJ+N6+MVaoArN1Htt92b935O3RUWPY1yUF63zEjvd3lBu79eWdZUwedP8TN2I5V9T3nackvIQ==",
        "dependencies": {
          "Microsoft.IdentityModel.Logging": "7.1.2",
          "Microsoft.IdentityModel.Tokens": "7.1.2"
        }
      },
      "Microsoft.IdentityModel.Protocols.OpenIdConnect": {
        "type": "Transitive",
        "resolved": "7.1.2",
        "contentHash": "6lHQoLXhnMQ42mGrfDkzbIOR3rzKM1W1tgTeMPLgLCqwwGw0d96xFi/UiX/fYsu7d6cD5MJiL3+4HuI8VU+sVQ==",
        "dependencies": {
          "Microsoft.IdentityModel.Protocols": "7.1.2",
          "System.IdentityModel.Tokens.Jwt": "7.1.2"
        }
      },
      "Microsoft.IdentityModel.Tokens": {
        "type": "Transitive",
        "resolved": "7.5.1",
        "contentHash": "Q3DKpyFViP84IUlTFKH/zIkswIrmSh2Vd/eFDo4wlOHy4DYxoweZEEw4kDEiKt9VCX6o7SddK3HK2xDYyFpexA==",
        "dependencies": {
          "Microsoft.IdentityModel.Logging": "7.5.1"
        }
      },
      "Microsoft.OpenApi": {
        "type": "Transitive",
        "resolved": "1.6.23",
        "contentHash": "tZ1I0KXnn98CWuV8cpI247A17jaY+ILS9vvF7yhI0uPPEqF4P1d7BWL5Uwtel10w9NucllHB3nTkfYTAcHAh8g=="
      },
      "Microsoft.VisualStudio.Threading.Only": {
        "type": "Transitive",
        "resolved": "17.13.61",
        "contentHash": "vl5a2URJYCO5m+aZZtNlAXAMz28e2pUotRuoHD7RnCWOCeoyd8hWp5ZBaLNYq4iEj2oeJx5ZxiSboAjVmB20Qg==",
        "dependencies": {
          "Microsoft.VisualStudio.Validation": "17.8.8"
        }
      },
      "Microsoft.VisualStudio.Validation": {
        "type": "Transitive",
        "resolved": "17.8.8",
        "contentHash": "rWXThIpyQd4YIXghNkiv2+VLvzS+MCMKVRDR0GAMlflsdo+YcAN2g2r5U1Ah98OFjQMRexTFtXQQ2LkajxZi3g=="
      },
      "NetDevPack.Security.Jwt.Core": {
        "type": "Transitive",
        "resolved": "8.2.2",
        "contentHash": "/hcs8tDYkn9F5XD3aOYmlchod0tSZzaA8zIevm0BN3a2Cqdb/1wgIEeTCd1UR9Cg3N22SbHkiXJXXMsVN6lk0g==",
        "dependencies": {
          "Microsoft.AspNetCore.DataProtection": "8.0.4",
          "Microsoft.Extensions.Caching.Memory": "8.0.0",
          "Microsoft.Extensions.Options": "8.0.2",
          "System.IdentityModel.Tokens.Jwt": "7.5.1"
        }
      },
      "Swashbuckle.AspNetCore.Swagger": {
        "type": "Transitive",
        "resolved": "8.1.4",
        "contentHash": "w83aYEBJYNa6ZYomziwZWwXhqQPLKhZH0n8MzqqNhF1ElCGBKm71kd7W6pgIr/yu0i6ymQzrZUFSZLdvH1kY5w==",
        "dependencies": {
          "Microsoft.OpenApi": "1.6.23"
        }
      },
      "Swashbuckle.AspNetCore.SwaggerGen": {
        "type": "Transitive",
        "resolved": "8.1.4",
        "contentHash": "aBwO2MF1HHAaWgdBwX8tlSqxycOKTKmCT6pEpb0oSY1pn7mUdmzJvHZA0HxWx9nfmKP0eOGQcLC9ZnN/MuehRQ==",
        "dependencies": {
          "Swashbuckle.AspNetCore.Swagger": "8.1.4"
        }
      },
      "Swashbuckle.AspNetCore.SwaggerUI": {
        "type": "Transitive",
        "resolved": "8.1.4",
        "contentHash": "mTn6OwB43ETrN6IgAZd7ojWGhTwBZ98LT3QwbAn6Gg3wJStQV4znU0mWiHaKFlD/+Qhj1uhAUOa52rmd6xmbzg=="
      },
      "System.IdentityModel.Tokens.Jwt": {
        "type": "Transitive",
        "resolved": "7.5.1",
        "contentHash": "UUw+E0R73lZLlXgneYIJQxNs1kfbcxjVzw64JQyiwjqCd4HMpAbjn+xRo86QZT84uHq8/MkqvfH82tgjgPzpuw==",
        "dependencies": {
          "Microsoft.IdentityModel.JsonWebTokens": "7.5.1",
          "Microsoft.IdentityModel.Tokens": "7.5.1"
        }
      },
      "System.IO.Pipelines": {
        "type": "Transitive",
        "resolved": "8.0.0",
        "contentHash": "FHNOatmUq0sqJOkTx+UF/9YK1f180cnW5FVqnQMvYUN0elp6wFzbtPSiqbo1/ru8ICp43JM1i7kKkk6GsNGHlA=="
      },
      "System.Security.Cryptography.Pkcs": {
        "type": "Transitive",
        "resolved": "8.0.0",
        "contentHash": "ULmp3xoOwNYjOYp4JZ2NK/6NdTgiN1GQXzVVN1njQ7LOZ0d0B9vyMnhyqbIi9Qw4JXj1JgCsitkTShboHRx7Eg==",
        "dependencies": {
          "System.Formats.Asn1": "8.0.0"
        }
      },
      "System.Security.Cryptography.Xml": {
        "type": "Transitive",
        "resolved": "8.0.0",
        "contentHash": "HQSFbakswZ1OXFz2Bt3AJlC6ENDqWeVpgqhf213xqQUMDifzydOHIKVb1RV4prayobvR3ETIScMaQdDF2hwGZA==",
        "dependencies": {
          "System.Security.Cryptography.Pkcs": "8.0.0"
        }
      },
      "System.Threading.Tasks.Extensions": {
        "type": "Transitive",
        "resolved": "4.6.3",
        "contentHash": "7sCiwilJLYbTZELaKnc7RecBBXWXA+xMLQWZKWawBxYjp6DBlSE3v9/UcvKBvr1vv2tTOhipiogM8rRmxlhrVA=="
      },
      "dorisstorageadapter.helpers": {
        "type": "Project"
      },
      "dorisstorageadapter.services": {
        "type": "Project",
        "dependencies": {
          "AWSSDK.S3": "[4.0.7.9, )",
          "AsyncKeyedLock": "[7.1.7, )",
          "ByteSize": "[2.1.2, )",
          "DorisStorageAdapter.Helpers": "[1.0.0, )",
          "Microsoft.Extensions.Configuration.Abstractions": "[8.0.0, )",
          "Microsoft.Extensions.DependencyInjection.Abstractions": "[8.0.2, )",
          "Microsoft.Extensions.Http": "[8.0.1, )",
          "Microsoft.Extensions.Options": "[8.0.2, )",
          "Microsoft.Extensions.Options.ConfigurationExtensions": "[8.0.0, )",
          "Microsoft.Extensions.Options.DataAnnotations": "[8.0.0, )",
          "Nerdbank.Streams": "[2.13.16, )",
          "WebDav.Client": "[2.9.0, )"
        }
      },
      "AsyncKeyedLock": {
        "type": "CentralTransitive",
        "requested": "[7.1.7, )",
        "resolved": "7.1.7",
        "contentHash": "plakgzY2HSEhDadxaqhKUnz/DRkUtS/H8RU7/3h/0lElESuhR+SCKLy4nB6dm1fqRoi7fWXYdd6xWd6jtfh74Q==",
        "dependencies": {
          "System.Threading.Tasks.Extensions": "4.6.3"
        }
      },
      "AWSSDK.S3": {
        "type": "CentralTransitive",
        "requested": "[4.0.7.9, )",
        "resolved": "4.0.7.9",
        "contentHash": "MfcSrs1kHZeJoNNIjg7p9sbWruAoa6H+/EIQr5a/IYRQWzvvatyDCLumJ6c3JMZ/ZDOHNc1UIJzUOopLGjd/4Q==",
        "dependencies": {
          "AWSSDK.Core": "[4.0.1, 5.0.0)"
        }
      },
      "ByteSize": {
        "type": "CentralTransitive",
        "requested": "[2.1.2, )",
        "resolved": "2.1.2",
        "contentHash": "dSiH9B0apNU5abV3OVUs3eTfHiidEAa8IMOLGW0eEl5tB8Ba1ngkGC7RT/RGy61ifGcPzCe7DMP78KB8pA5kNg=="
      },
      "Microsoft.Extensions.Caching.Memory": {
        "type": "CentralTransitive",
        "requested": "[8.0.1, )",
        "resolved": "8.0.1",
        "contentHash": "HFDnhYLccngrzyGgHkjEDU5FMLn4MpOsr5ElgsBMC4yx6lJh4jeWO7fHS8+TXPq+dgxCmUa/Trl8svObmwW4QA==",
        "dependencies": {
          "Microsoft.Extensions.Caching.Abstractions": "8.0.0",
          "Microsoft.Extensions.DependencyInjection.Abstractions": "8.0.2",
          "Microsoft.Extensions.Logging.Abstractions": "8.0.2",
          "Microsoft.Extensions.Options": "8.0.2",
          "Microsoft.Extensions.Primitives": "8.0.0"
        }
      },
      "Microsoft.Extensions.Configuration.Abstractions": {
        "type": "CentralTransitive",
        "requested": "[8.0.0, )",
        "resolved": "8.0.0",
        "contentHash": "3lE/iLSutpgX1CC0NOW70FJoGARRHbyKmG7dc0klnUZ9Dd9hS6N/POPWhKhMLCEuNN5nXEY5agmlFtH562vqhQ==",
        "dependencies": {
          "Microsoft.Extensions.Primitives": "8.0.0"
        }
      },
      "Microsoft.Extensions.DependencyInjection.Abstractions": {
        "type": "CentralTransitive",
        "requested": "[8.0.2, )",
        "resolved": "8.0.2",
        "contentHash": "3iE7UF7MQkCv1cxzCahz+Y/guQbTqieyxyaWKhrRO91itI9cOKO76OHeQDahqG4MmW5umr3CcCvGmK92lWNlbg=="
      },
      "Microsoft.Extensions.Http": {
        "type": "CentralTransitive",
        "requested": "[8.0.1, )",
        "resolved": "8.0.1",
        "contentHash": "kDYeKJUzh0qeg/AI+nSr3ffthmXYQTEb0nS9qRC7YhSbbuN4M4NPbaB77AJwtkTnCV9XZ7qYj3dkZaNcyl73EA==",
        "dependencies": {
          "Microsoft.Extensions.Configuration.Abstractions": "8.0.0",
          "Microsoft.Extensions.DependencyInjection.Abstractions": "8.0.2",
          "Microsoft.Extensions.Diagnostics": "8.0.1",
          "Microsoft.Extensions.Logging": "8.0.1",
          "Microsoft.Extensions.Logging.Abstractions": "8.0.2",
          "Microsoft.Extensions.Options": "8.0.2"
        }
      },
      "Microsoft.Extensions.Options": {
        "type": "CentralTransitive",
        "requested": "[8.0.2, )",
        "resolved": "8.0.2",
        "contentHash": "dWGKvhFybsaZpGmzkGCbNNwBD1rVlWzrZKANLW/CcbFJpCEceMCGzT7zZwHOGBCbwM0SzBuceMj5HN1LKV1QqA==",
        "dependencies": {
          "Microsoft.Extensions.DependencyInjection.Abstractions": "8.0.0",
          "Microsoft.Extensions.Primitives": "8.0.0"
        }
      },
      "Microsoft.Extensions.Options.ConfigurationExtensions": {
        "type": "CentralTransitive",
        "requested": "[8.0.0, )",
        "resolved": "8.0.0",
        "contentHash": "0f4DMRqEd50zQh+UyJc+/HiBsZ3vhAQALgdkcQEalSH1L2isdC7Yj54M3cyo5e+BeO5fcBQ7Dxly8XiBBcvRgw==",
        "dependencies": {
          "Microsoft.Extensions.Configuration.Abstractions": "8.0.0",
          "Microsoft.Extensions.Configuration.Binder": "8.0.0",
          "Microsoft.Extensions.DependencyInjection.Abstractions": "8.0.0",
          "Microsoft.Extensions.Options": "8.0.0",
          "Microsoft.Extensions.Primitives": "8.0.0"
        }
      },
      "Microsoft.Extensions.Options.DataAnnotations": {
        "type": "CentralTransitive",
        "requested": "[8.0.0, )",
        "resolved": "8.0.0",
        "contentHash": "z6p6q/N/hiU19A9tK7pjhXHpiYArO4oIICipxUviBEIOiDIoKRO7k6qItvw7alKcLtfHZOWmspuSKpvIvH0N8w==",
        "dependencies": {
          "Microsoft.Extensions.DependencyInjection.Abstractions": "8.0.0",
          "Microsoft.Extensions.Options": "8.0.0"
        }
      },
      "Nerdbank.Streams": {
        "type": "CentralTransitive",
        "requested": "[2.13.16, )",
        "resolved": "2.13.16",
        "contentHash": "GjifQ5M4IpQWjGNNbIrsj8M/M7ESb2328OeoGeqxk5rOJiuaAJ5zFc6CyqB+5UWKr1KEGK23hKoxA+z1gooAKA==",
        "dependencies": {
          "Microsoft.VisualStudio.Threading.Only": "17.13.61",
          "Microsoft.VisualStudio.Validation": "17.8.8",
          "System.IO.Pipelines": "8.0.0"
        }
      },
      "System.Formats.Asn1": {
        "type": "CentralTransitive",
        "requested": "[8.0.2, )",
        "resolved": "8.0.2",
        "contentHash": "yUsFqNGa7tbwm5QOOnOR3VSoh8a0Yki39mTbhOnErdbg8hVSFtrK0EXerj286PXcegiF1LkE7lL++qqMZW5jIQ=="
      },
      "System.Text.Json": {
        "type": "CentralTransitive",
        "requested": "[8.0.6, )",
        "resolved": "8.0.6",
        "contentHash": "BvSpVBsVN9b+Y+wONbvJOHd1HjXQf33+XiC28ZMOwRsYb42mz3Q8YHnpTSwpwJLqYCMqM+0UUVC3V+pi25XfkQ=="
      },
      "WebDav.Client": {
        "type": "CentralTransitive",
        "requested": "[2.9.0, )",
        "resolved": "2.9.0",
        "contentHash": "GLhd1tQAJeuVO1sj3Wm/dkg0GEVWxk+XGl6rdegMSMHenZuOaWQw4PifWDsjNEC1dtV1/C8JJfK0qfdkM+VIgA=="
      }
    }
  }
}