
Microsoft Visual Studio Solution File, Format Version 12.00
# Visual Studio Version 17
VisualStudioVersion = 17.0.31903.59
MinimumVisualStudioVersion = 10.0.40219.1
Project("{FAE04EC0-301F-11D3-BF4B-00C04F79EFBC}") = "DorisStorageAdapter.Helpers", "DorisStorageAdapter.Helpers\DorisStorageAdapter.Helpers.csproj", "{AD9034C4-61E9-4075-8EF5-D509E92DBF76}"
EndProject
Project("{FAE04EC0-301F-11D3-BF4B-00C04F79EFBC}") = "DorisStorageAdapter.Server", "DorisStorageAdapter.Server\DorisStorageAdapter.Server.csproj", "{367DAE8A-888F-4B93-94E2-14D5627C20DC}"
EndProject
Project("{FAE04EC0-301F-11D3-BF4B-00C04F79EFBC}") = "DorisStorageAdapter.Services", "DorisStorageAdapter.Services\DorisStorageAdapter.Services.csproj", "{1E0EF1F3-59A0-44FE-9073-97E0B45B3926}"
EndProject
Global
	GlobalSection(SolutionConfigurationPlatforms) = preSolution
		Debug|Any CPU = Debug|Any CPU
		Release|Any CPU = Release|Any CPU
	EndGlobalSection
	GlobalSection(ProjectConfigurationPlatforms) = postSolution
		{367DAE8A-888F-4B93-94E2-14D5627C20DC}.Debug|Any CPU.ActiveCfg = Debug|Any CPU
		{367DAE8A-888F-4B93-94E2-14D5627C20DC}.Debug|Any CPU.Build.0 = Debug|Any CPU
		{367DAE8A-888F-4B93-94E2-14D5627C20DC}.Release|Any CPU.ActiveCfg = Release|Any CPU
		{367DAE8A-888F-4B93-94E2-14D5627C20DC}.Release|Any CPU.Build.0 = Release|Any CPU
		{1E0EF1F3-59A0-44FE-9073-97E0B45B3926}.Debug|Any CPU.ActiveCfg = Debug|Any CPU
		{1E0EF1F3-59A0-44FE-9073-97E0B45B3926}.Debug|Any CPU.Build.0 = Debug|Any CPU
		{1E0EF1F3-59A0-44FE-9073-97E0B45B3926}.Release|Any CPU.ActiveCfg = Release|Any CPU
		{1E0EF1F3-59A0-44FE-9073-97E0B45B3926}.Release|Any CPU.Build.0 = Release|Any CPU
		{AD9034C4-61E9-4075-8EF5-D509E92DBF76}.Debug|Any CPU.ActiveCfg = Debug|Any CPU
		{AD9034C4-61E9-4075-8EF5-D509E92DBF76}.Debug|Any CPU.Build.0 = Debug|Any CPU
		{AD9034C4-61E9-4075-8EF5-D509E92DBF76}.Release|Any CPU.ActiveCfg = Release|Any CPU
		{AD9034C4-61E9-4075-8EF5-D509E92DBF76}.Release|Any CPU.Build.0 = Release|Any CPU
	EndGlobalSection
	GlobalSection(SolutionProperties) = preSolution
		HideSolutionNode = FALSE
	EndGlobalSection
EndGlobal
